
Microsoft Visual Studio Solution File, Format Version 12.00
# Visual Studio Version 17
VisualStudioVersion = 17.0.31808.319
MinimumVisualStudioVersion = 10.0.40219.1
Project("{FAE04EC0-301F-11D3-BF4B-00C04F79EFBC}") = "GiantNationalBankClient", "GiantNationalBankClient\GiantNationalBankClient.csproj", "{49F06745-6A0D-4CBE-B7DD-655BD1FFD4C9}"
EndProject
Global
	GlobalSection(SolutionConfigurationPlatforms) = preSolution
		Debug|Any CPU = Debug|Any CPU
		Release|Any CPU = Release|Any CPU
	EndGlobalSection
	GlobalSection(ProjectConfigurationPlatforms) = postSolution
		{49F06745-6A0D-4CBE-B7DD-655BD1FFD4C9}.Debug|Any CPU.ActiveCfg = Debug|Any CPU
		{49F06745-6A0D-4CBE-B7DD-655BD1FFD4C9}.Debug|Any CPU.Build.0 = Debug|Any CPU
		{49F06745-6A0D-4CBE-B7DD-655BD1FFD4C9}.Release|Any CPU.ActiveCfg = Release|Any CPU
		{49F06745-6A0D-4CBE-B7DD-655BD1FFD4C9}.Release|Any CPU.Build.0 = Release|Any CPU
	EndGlobalSection
	GlobalSection(SolutionProperties) = preSolution
		HideSolutionNode = FALSE
	EndGlobalSection
	GlobalSection(ExtensibilityGlobals) = postSolution
		SolutionGuid = {69E2CCC3-61DB-49A5-8624-43219AE3E577}
	EndGlobalSection
EndGlobal
